
Microsoft Visual Studio Solution File, Format Version 12.00
# Visual Studio Version 16
VisualStudioVersion = 16.0.30002.166
MinimumVisualStudioVersion = 10.0.40219.1
Project("{888888A0-9F3D-457C-B088-3A5042F75D52}") = "RevengeUnfold", "RevengeUnfold\RevengeUnfold.pyproj", "{581B2D0D-08E3-47B4-A410-5096D829FB34}"
EndProject
Global
	GlobalSection(SolutionConfigurationPlatforms) = preSolution
		Debug|Any CPU = Debug|Any CPU
		Release|Any CPU = Release|Any CPU
	EndGlobalSection
	GlobalSection(ProjectConfigurationPlatforms) = postSolution
		{581B2D0D-08E3-47B4-A410-5096D829FB34}.Debug|Any CPU.ActiveCfg = Debug|Any CPU
		{581B2D0D-08E3-47B4-A410-5096D829FB34}.Release|Any CPU.ActiveCfg = Release|Any CPU
	EndGlobalSection
	GlobalSection(SolutionProperties) = preSolution
		HideSolutionNode = FALSE
	EndGlobalSection
	GlobalSection(ExtensibilityGlobals) = postSolution
		SolutionGuid = {CD5CF293-768B-4CAB-B5C4-71CA852ACEA4}
	EndGlobalSection
EndGlobal
